
Microsoft Visual Studio Solution File, Format Version 12.00
# Visual Studio Version 17
VisualStudioVersion = 17.4.33213.308
MinimumVisualStudioVersion = 10.0.40219.1
Project("{FAE04EC0-301F-11D3-BF4B-00C04F79EFBC}") = "CapitalPlacementProj", "CapitalPlacementProj.csproj", "{FD37E28F-AFCD-4B39-ACDF-13EA7C724E1F}"
EndProject
Project("{FAE04EC0-301F-11D3-BF4B-00C04F79EFBC}") = "CapitalPlacementProjTests", "..\CapitalPlacementProjTests\CapitalPlacementProjTests.csproj", "{330E801E-F4F6-4193-838E-EBEF6F857D2E}"
EndProject
Global
	GlobalSection(SolutionConfigurationPlatforms) = preSolution
		Debug|Any CPU = Debug|Any CPU
		Release|Any CPU = Release|Any CPU
	EndGlobalSection
	GlobalSection(ProjectConfigurationPlatforms) = postSolution
		{FD37E28F-AFCD-4B39-ACDF-13EA7C724E1F}.Debug|Any CPU.ActiveCfg = Debug|Any CPU
		{FD37E28F-AFCD-4B39-ACDF-13EA7C724E1F}.Debug|Any CPU.Build.0 = Debug|Any CPU
		{FD37E28F-AFCD-4B39-ACDF-13EA7C724E1F}.Release|Any CPU.ActiveCfg = Release|Any CPU
		{FD37E28F-AFCD-4B39-ACDF-13EA7C724E1F}.Release|Any CPU.Build.0 = Release|Any CPU
		{330E801E-F4F6-4193-838E-EBEF6F857D2E}.Debug|Any CPU.ActiveCfg = Debug|Any CPU
		{330E801E-F4F6-4193-838E-EBEF6F857D2E}.Debug|Any CPU.Build.0 = Debug|Any CPU
		{330E801E-F4F6-4193-838E-EBEF6F857D2E}.Release|Any CPU.ActiveCfg = Release|Any CPU
		{330E801E-F4F6-4193-838E-EBEF6F857D2E}.Release|Any CPU.Build.0 = Release|Any CPU
	EndGlobalSection
	GlobalSection(SolutionProperties) = preSolution
		HideSolutionNode = FALSE
	EndGlobalSection
	GlobalSection(ExtensibilityGlobals) = postSolution
		SolutionGuid = {609751AD-3693-4CCC-8B93-EF738260217B}
	EndGlobalSection
EndGlobal
